
Microsoft Visual Studio Solution File, Format Version 12.00
# Visual Studio Version 17
VisualStudioVersion = 17.3.32825.248
MinimumVisualStudioVersion = 10.0.40219.1
Project("{9A19103F-16F7-4668-BE54-9A1E7A4F7556}") = "FindAndReplace", "FindAndReplace\FindAndReplace.csproj", "{F3C435FB-08B9-464C-A47C-EC471FF93B29}"
EndProject
Project("{FAE04EC0-301F-11D3-BF4B-00C04F79EFBC}") = "FindAndReplace.App", "FindAndReplace.App\FindAndReplace.App.csproj", "{128F4172-1975-4ABA-A8D8-4B55DC9AB481}"
EndProject
Project("{9A19103F-16F7-4668-BE54-9A1E7A4F7556}") = "EncodingTools", "EncodingTools\EncodingTools.csproj", "{8922FA9A-E500-4355-9633-F6F88BAB2418}"
EndProject
Project("{9A19103F-16F7-4668-BE54-9A1E7A4F7556}") = "FindAndReplace.Tests.CommandLine", "FindAndReplace.Tests.CommandLine\FindAndReplace.Tests.CommandLine.csproj", "{69A5C60B-58B0-49CC-AA05-60EF3E37271B}"
EndProject
Project("{FAE04EC0-301F-11D3-BF4B-00C04F79EFBC}") = "FindAndReplace.Tests", "FindAndReplace.Tests\FindAndReplace.Tests.csproj", "{2517D7CF-7BBD-4CEA-AA10-87FFB6C6A0DC}"
EndProject
Global
	GlobalSection(SolutionConfigurationPlatforms) = preSolution
		Debug|Any CPU = Debug|Any CPU
		Release|Any CPU = Release|Any CPU
	EndGlobalSection
	GlobalSection(ProjectConfigurationPlatforms) = postSolution
		{F3C435FB-08B9-464C-A47C-EC471FF93B29}.Debug|Any CPU.ActiveCfg = Debug|Any CPU
		{F3C435FB-08B9-464C-A47C-EC471FF93B29}.Debug|Any CPU.Build.0 = Debug|Any CPU
		{F3C435FB-08B9-464C-A47C-EC471FF93B29}.Release|Any CPU.ActiveCfg = Release|Any CPU
		{F3C435FB-08B9-464C-A47C-EC471FF93B29}.Release|Any CPU.Build.0 = Release|Any CPU
		{128F4172-1975-4ABA-A8D8-4B55DC9AB481}.Debug|Any CPU.ActiveCfg = Debug|Any CPU
		{128F4172-1975-4ABA-A8D8-4B55DC9AB481}.Debug|Any CPU.Build.0 = Debug|Any CPU
		{128F4172-1975-4ABA-A8D8-4B55DC9AB481}.Release|Any CPU.ActiveCfg = Release|Any CPU
		{128F4172-1975-4ABA-A8D8-4B55DC9AB481}.Release|Any CPU.Build.0 = Release|Any CPU
		{8922FA9A-E500-4355-9633-F6F88BAB2418}.Debug|Any CPU.ActiveCfg = Debug|Any CPU
		{8922FA9A-E500-4355-9633-F6F88BAB2418}.Debug|Any CPU.Build.0 = Debug|Any CPU
		{8922FA9A-E500-4355-9633-F6F88BAB2418}.Release|Any CPU.ActiveCfg = Release|Any CPU
		{8922FA9A-E500-4355-9633-F6F88BAB2418}.Release|Any CPU.Build.0 = Release|Any CPU
		{69A5C60B-58B0-49CC-AA05-60EF3E37271B}.Debug|Any CPU.ActiveCfg = Debug|Any CPU
		{69A5C60B-58B0-49CC-AA05-60EF3E37271B}.Debug|Any CPU.Build.0 = Debug|Any CPU
		{69A5C60B-58B0-49CC-AA05-60EF3E37271B}.Release|Any CPU.ActiveCfg = Release|Any CPU
		{69A5C60B-58B0-49CC-AA05-60EF3E37271B}.Release|Any CPU.Build.0 = Release|Any CPU
		{2517D7CF-7BBD-4CEA-AA10-87FFB6C6A0DC}.Debug|Any CPU.ActiveCfg = Debug|Any CPU
		{2517D7CF-7BBD-4CEA-AA10-87FFB6C6A0DC}.Debug|Any CPU.Build.0 = Debug|Any CPU
		{2517D7CF-7BBD-4CEA-AA10-87FFB6C6A0DC}.Release|Any CPU.ActiveCfg = Release|Any CPU
		{2517D7CF-7BBD-4CEA-AA10-87FFB6C6A0DC}.Release|Any CPU.Build.0 = Release|Any CPU
	EndGlobalSection
	GlobalSection(SolutionProperties) = preSolution
		HideSolutionNode = FALSE
	EndGlobalSection
	GlobalSection(ExtensibilityGlobals) = postSolution
		SolutionGuid = {A998B898-CE31-49A5-A929-F9B2BA755FB0}
	EndGlobalSection
EndGlobal
